
Microsoft Visual Studio Solution File, Format Version 12.00
# Visual Studio Version 17
VisualStudioVersion = 17.5.002.0
MinimumVisualStudioVersion = 10.0.40219.1
Project("{9A19103F-16F7-4668-BE54-9A1E7A4F7556}") = "validacao-cpf", "validacao-cpf.csproj", "{D0847341-7C41-4F37-B522-C83BC8E36DE9}"
EndProject
Global
	GlobalSection(SolutionConfigurationPlatforms) = preSolution
		Debug|Any CPU = Debug|Any CPU
		Release|Any CPU = Release|Any CPU
	EndGlobalSection
	GlobalSection(ProjectConfigurationPlatforms) = postSolution
		{D0847341-7C41-4F37-B522-C83BC8E36DE9}.Debug|Any CPU.ActiveCfg = Debug|Any CPU
		{D0847341-7C41-4F37-B522-C83BC8E36DE9}.Debug|Any CPU.Build.0 = Debug|Any CPU
		{D0847341-7C41-4F37-B522-C83BC8E36DE9}.Release|Any CPU.ActiveCfg = Release|Any CPU
		{D0847341-7C41-4F37-B522-C83BC8E36DE9}.Release|Any CPU.Build.0 = Release|Any CPU
	EndGlobalSection
	GlobalSection(SolutionProperties) = preSolution
		HideSolutionNode = FALSE
	EndGlobalSection
	GlobalSection(ExtensibilityGlobals) = postSolution
		SolutionGuid = {9B9B3C24-91A3-43C2-B345-0098FD936CAB}
	EndGlobalSection
EndGlobal
